
Microsoft Visual Studio Solution File, Format Version 12.00
# Visual Studio Version 17
VisualStudioVersion = 17.2.32505.173
MinimumVisualStudioVersion = 10.0.40219.1
Project("{9A19103F-16F7-4668-BE54-9A1E7A4F7556}") = "StableDiffusionSdk", "StableDiffusionSdk\StableDiffusionSdk.csproj", "{EA60503C-2F89-4BE9-9EFC-A8EAB8F2FB7F}"
EndProject
Project("{2150E333-8FDC-42A3-9474-1A3956D46DE8}") = "Integrations", "Integrations", "{C14ED56E-BFEA-4DB2-B5A2-A22B69DD6499}"
EndProject
Project("{FAE04EC0-301F-11D3-BF4B-00C04F79EFBC}") = "StableDiffusionTools.Integrations.StableDiffusionWebUi", "StableDiffusionTools.Integrations.StableDiffusionWebUi\StableDiffusionTools.Integrations.StableDiffusionWebUi.csproj", "{4D7B80D9-345F-4280-A13A-D266A5724E3A}"
EndProject
Project("{FAE04EC0-301F-11D3-BF4B-00C04F79EFBC}") = "StableDiffusionTools.Domain", "StableDiffusionTools.Domain\StableDiffusionTools.Domain.csproj", "{B347D46B-A2C0-400E-A0C7-0BB9B020FAB2}"
EndProject
Project("{FAE04EC0-301F-11D3-BF4B-00C04F79EFBC}") = "StableDiffusionTools.Integrations.EbSynth", "StableDiffusionTools.Integrations.EbSynth\StableDiffusionTools.Integrations.EbSynth.csproj", "{EC3EF19A-2765-4D95-AD77-3FC38D1FD339}"
EndProject
Project("{2150E333-8FDC-42A3-9474-1A3956D46DE8}") = "Common", "Common", "{E6CF0D93-9E0F-490B-8E7D-55B1421B8BE0}"
EndProject
Project("{FAE04EC0-301F-11D3-BF4B-00C04F79EFBC}") = "StableDiffusionTools.ImageUtilities", "StableDiffusionTools.ImageUtilities\StableDiffusionTools.ImageUtilities.csproj", "{B1EE1511-ABF1-4F87-BB41-CCF2E7224F5B}"
EndProject
Project("{FAE04EC0-301F-11D3-BF4B-00C04F79EFBC}") = "StableDiffusionTools.Integrations.OpenAi", "StableDiffusionTools.Integrations.OpenAi\StableDiffusionTools.Integrations.OpenAi.csproj", "{29B86408-8DD9-4301-86E1-3D5914D4DC35}"
EndProject
Global
	GlobalSection(SolutionConfigurationPlatforms) = preSolution
		Debug|Any CPU = Debug|Any CPU
		Release|Any CPU = Release|Any CPU
	EndGlobalSection
	GlobalSection(ProjectConfigurationPlatforms) = postSolution
		{EA60503C-2F89-4BE9-9EFC-A8EAB8F2FB7F}.Debug|Any CPU.ActiveCfg = Debug|Any CPU
		{EA60503C-2F89-4BE9-9EFC-A8EAB8F2FB7F}.Debug|Any CPU.Build.0 = Debug|Any CPU
		{EA60503C-2F89-4BE9-9EFC-A8EAB8F2FB7F}.Release|Any CPU.ActiveCfg = Release|Any CPU
		{EA60503C-2F89-4BE9-9EFC-A8EAB8F2FB7F}.Release|Any CPU.Build.0 = Release|Any CPU
		{4D7B80D9-345F-4280-A13A-D266A5724E3A}.Debug|Any CPU.ActiveCfg = Debug|Any CPU
		{4D7B80D9-345F-4280-A13A-D266A5724E3A}.Debug|Any CPU.Build.0 = Debug|Any CPU
		{4D7B80D9-345F-4280-A13A-D266A5724E3A}.Release|Any CPU.ActiveCfg = Release|Any CPU
		{4D7B80D9-345F-4280-A13A-D266A5724E3A}.Release|Any CPU.Build.0 = Release|Any CPU
		{B347D46B-A2C0-400E-A0C7-0BB9B020FAB2}.Debug|Any CPU.ActiveCfg = Debug|Any CPU
		{B347D46B-A2C0-400E-A0C7-0BB9B020FAB2}.Debug|Any CPU.Build.0 = Debug|Any CPU
		{B347D46B-A2C0-400E-A0C7-0BB9B020FAB2}.Release|Any CPU.ActiveCfg = Release|Any CPU
		{B347D46B-A2C0-400E-A0C7-0BB9B020FAB2}.Release|Any CPU.Build.0 = Release|Any CPU
		{EC3EF19A-2765-4D95-AD77-3FC38D1FD339}.Debug|Any CPU.ActiveCfg = Debug|Any CPU
		{EC3EF19A-2765-4D95-AD77-3FC38D1FD339}.Debug|Any CPU.Build.0 = Debug|Any CPU
		{EC3EF19A-2765-4D95-AD77-3FC38D1FD339}.Release|Any CPU.ActiveCfg = Release|Any CPU
		{EC3EF19A-2765-4D95-AD77-3FC38D1FD339}.Release|Any CPU.Build.0 = Release|Any CPU
		{B1EE1511-ABF1-4F87-BB41-CCF2E7224F5B}.Debug|Any CPU.ActiveCfg = Debug|Any CPU
		{B1EE1511-ABF1-4F87-BB41-CCF2E7224F5B}.Debug|Any CPU.Build.0 = Debug|Any CPU
		{B1EE1511-ABF1-4F87-BB41-CCF2E7224F5B}.Release|Any CPU.ActiveCfg = Release|Any CPU
		{B1EE1511-ABF1-4F87-BB41-CCF2E7224F5B}.Release|Any CPU.Build.0 = Release|Any CPU
		{29B86408-8DD9-4301-86E1-3D5914D4DC35}.Debug|Any CPU.ActiveCfg = Debug|Any CPU
		{29B86408-8DD9-4301-86E1-3D5914D4DC35}.Debug|Any CPU.Build.0 = Debug|Any CPU
		{29B86408-8DD9-4301-86E1-3D5914D4DC35}.Release|Any CPU.ActiveCfg = Release|Any CPU
		{29B86408-8DD9-4301-86E1-3D5914D4DC35}.Release|Any CPU.Build.0 = Release|Any CPU
	EndGlobalSection
	GlobalSection(SolutionProperties) = preSolution
		HideSolutionNode = FALSE
	EndGlobalSection
	GlobalSection(NestedProjects) = preSolution
		{4D7B80D9-345F-4280-A13A-D266A5724E3A} = {C14ED56E-BFEA-4DB2-B5A2-A22B69DD6499}
		{B347D46B-A2C0-400E-A0C7-0BB9B020FAB2} = {E6CF0D93-9E0F-490B-8E7D-55B1421B8BE0}
		{EC3EF19A-2765-4D95-AD77-3FC38D1FD339} = {C14ED56E-BFEA-4DB2-B5A2-A22B69DD6499}
		{B1EE1511-ABF1-4F87-BB41-CCF2E7224F5B} = {E6CF0D93-9E0F-490B-8E7D-55B1421B8BE0}
		{29B86408-8DD9-4301-86E1-3D5914D4DC35} = {C14ED56E-BFEA-4DB2-B5A2-A22B69DD6499}
	EndGlobalSection
	GlobalSection(ExtensibilityGlobals) = postSolution
		SolutionGuid = {11D3F132-1EA0-4533-B0CB-1070751C76D6}
	EndGlobalSection
EndGlobal
